{
  "requires": true,
  "lockfileVersion": 1,
  "dependencies": {
    "@discoveryjs/json-ext": {
      "version": "0.5.5",
      "resolved": "http://registry.npm.baidu-int.com/@discoveryjs%2fjson-ext/-/json-ext-0.5.5.tgz",
      "integrity": "sha1-koPJzlsomjxPYcEnV0aeWTd/gfM="
    },
    "@webpack-cli/configtest": {
      "version": "1.1.0",
      "resolved": "http://registry.npm.baidu-int.com/@webpack-cli%2fconfigtest/-/configtest-1.1.0.tgz",
      "integrity": "sha1-g0K+8Lrft9/TtXbyV0q4DHJb4EM="
    },
    "@webpack-cli/info": {
      "version": "1.4.0",
      "resolved": "http://registry.npm.baidu-int.com/@webpack-cli%2finfo/-/info-1.4.0.tgz",
      "integrity": "sha1-uRecMierCcu7FJqnM0dfz5lDAiM=",
      "requires": {
        "envinfo": "^7.7.3"
      }
    },
    "@webpack-cli/serve": {
      "version": "1.6.0",
      "resolved": "http://registry.npm.baidu-int.com/@webpack-cli%2fserve/-/serve-1.6.0.tgz",
      "integrity": "sha1-LCdaoFyJXszrv8NM+yI8bovVkaI="
    },
    "clone-deep": {
      "version": "4.0.1",
      "resolved": "http://registry.npm.baidu-int.com/clone-deep/-/clone-deep-4.0.1.tgz",
      "integrity": "sha1-wZ/Zvbv4WUK0/ZechNz31fB8I4c=",
      "requires": {
        "is-plain-object": "^2.0.4",
        "kind-of": "^6.0.2",
        "shallow-clone": "^3.0.0"
      }
    },
    "colorette": {
      "version": "2.0.16",
      "resolved": "http://registry.npm.baidu-int.com/colorette/-/colorette-2.0.16.tgz",
      "integrity": "sha1-cTua+E/bAAE58EVGvUqT9ipQhdo="
    },
    "commander": {
      "version": "7.2.0",
      "resolved": "http://registry.npm.baidu-int.com/commander/-/commander-7.2.0.tgz",
      "integrity": "sha1-o2y1fQtQHOEI5NIFWaFQo5HZerc="
    },
    "cross-spawn": {
      "version": "7.0.3",
      "resolved": "http://registry.npm.baidu-int.com/cross-spawn/-/cross-spawn-7.0.3.tgz",
      "integrity": "sha1-9zqFudXUHQRVUcF34ogtSshXKKY=",
      "requires": {
        "path-key": "^3.1.0",
        "shebang-command": "^2.0.0",
        "which": "^2.0.1"
      }
    },
    "envinfo": {
      "version": "7.8.1",
      "resolved": "http://registry.npm.baidu-int.com/envinfo/-/envinfo-7.8.1.tgz",
      "integrity": "sha1-Bjd+Pl9NN5/qesWS1a2JJ+DE1HU="
    },
    "execa": {
      "version": "5.1.1",
      "resolved": "http://registry.npm.baidu-int.com/execa/-/execa-5.1.1.tgz",
      "integrity": "sha1-+ArZy/Qpj3vR1MlVXCHpN0HEEd0=",
      "requires": {
        "cross-spawn": "^7.0.3",
        "get-stream": "^6.0.0",
        "human-signals": "^2.1.0",
        "is-stream": "^2.0.0",
        "merge-stream": "^2.0.0",
        "npm-run-path": "^4.0.1",
        "onetime": "^5.1.2",
        "signal-exit": "^3.0.3",
        "strip-final-newline": "^2.0.0"
      }
    },
    "fastest-levenshtein": {
      "version": "1.0.12",
      "resolved": "http://registry.npm.baidu-int.com/fastest-levenshtein/-/fastest-levenshtein-1.0.12.tgz",
      "integrity": "sha1-mZD306iMxan/0fF0V0UlFwDUl+I="
    },
    "find-up": {
      "version": "4.1.0",
      "resolved": "http://registry.npm.baidu-int.com/find-up/-/find-up-4.1.0.tgz",
      "integrity": "sha512-PpOwAdQ/YlXQ2vj8a3h8IipDuYRi3wceVQQGYWxNINccq40Anw7BlsEXCMbt1Zt+OLA6Fq9suIpIWD0OsnISlw==",
      "requires": {
        "locate-path": "^5.0.0",
        "path-exists": "^4.0.0"
      }
    },
    "function-bind": {
      "version": "1.1.1",
      "resolved": "http://registry.npm.baidu-int.com/function-bind/-/function-bind-1.1.1.tgz",
      "integrity": "sha1-pWiZ0+o8m6uHS7l3O3xe3pL0iV0="
    },
    "get-stream": {
      "version": "6.0.1",
      "resolved": "http://registry.npm.baidu-int.com/get-stream/-/get-stream-6.0.1.tgz",
      "integrity": "sha1-omLY7vZ6ztV8KFKtYWdSakPL97c="
    },
    "has": {
      "version": "1.0.3",
      "resolved": "http://registry.npm.baidu-int.com/has/-/has-1.0.3.tgz",
      "integrity": "sha512-f2dvO0VU6Oej7RkWJGrehjbzMAjFp5/VKPp5tTpWIV4JHHZK1/BxbFRtf/siA2SWTe09caDmVtYYzWEIbBS4zw==",
      "requires": {
        "function-bind": "^1.1.1"
      }
    },
    "human-signals": {
      "version": "2.1.0",
      "resolved": "http://registry.npm.baidu-int.com/human-signals/-/human-signals-2.1.0.tgz",
      "integrity": "sha1-3JH8ukLk0G5Kuu0zs+ejwC9RTqA="
    },
    "import-local": {
      "version": "3.0.3",
      "resolved": "http://registry.npm.baidu-int.com/import-local/-/import-local-3.0.3.tgz",
      "integrity": "sha1-TVHCxJXKk5PaJZ7Ga2LgIpICEeA=",
      "requires": {
        "pkg-dir": "^4.2.0",
        "resolve-cwd": "^3.0.0"
      }
    },
    "interpret": {
      "version": "2.2.0",
      "resolved": "http://registry.npm.baidu-int.com/interpret/-/interpret-2.2.0.tgz",
      "integrity": "sha1-GnigtZZcQKVBbQB61vUK0nxBffk="
    },
    "is-core-module": {
      "version": "2.8.0",
      "resolved": "http://registry.npm.baidu-int.com/is-core-module/-/is-core-module-2.8.0.tgz",
      "integrity": "sha1-AyEzbD0JJeSX/Zf12VyxFKXM1Ug=",
      "requires": {
        "has": "^1.0.3"
      }
    },
    "is-plain-object": {
      "version": "2.0.4",
      "resolved": "http://registry.npm.baidu-int.com/is-plain-object/-/is-plain-object-2.0.4.tgz",
      "integrity": "sha1-LBY7P6+xtgbZ0Xko8FwqHDjgdnc=",
      "requires": {
        "isobject": "^3.0.1"
      }
    },
    "is-stream": {
      "version": "2.0.1",
      "resolved": "http://registry.npm.baidu-int.com/is-stream/-/is-stream-2.0.1.tgz",
      "integrity": "sha1-+sHj1TuXrVqdCunO8jifWBClwHc="
    },
    "isexe": {
      "version": "2.0.0",
      "resolved": "http://registry.npm.baidu-int.com/isexe/-/isexe-2.0.0.tgz",
      "integrity": "sha1-6PvzdNxVb/iUehDcsFctYz8s+hA="
    },
    "isobject": {
      "version": "3.0.1",
      "resolved": "http://registry.npm.baidu-int.com/isobject/-/isobject-3.0.1.tgz",
      "integrity": "sha1-TkMekrEalzFjaqH5yNHMvP2reN8="
    },
    "kind-of": {
      "version": "6.0.3",
      "resolved": "http://registry.npm.baidu-int.com/kind-of/-/kind-of-6.0.3.tgz",
      "integrity": "sha1-B8BQNKbDSfoG4k+jWqdttFgM5N0="
    },
    "locate-path": {
      "version": "5.0.0",
      "resolved": "http://registry.npm.baidu-int.com/locate-path/-/locate-path-5.0.0.tgz",
      "integrity": "sha1-Gvujlq/WdqbUJQTQpno6frn2KqA=",
      "requires": {
        "p-locate": "^4.1.0"
      }
    },
    "merge-stream": {
      "version": "2.0.0",
      "resolved": "http://registry.npm.baidu-int.com/merge-stream/-/merge-stream-2.0.0.tgz",
      "integrity": "sha1-UoI2KaFN0AyXcPtq1H3GMQ8sH2A="
    },
    "mimic-fn": {
      "version": "2.1.0",
      "resolved": "http://registry.npm.baidu-int.com/mimic-fn/-/mimic-fn-2.1.0.tgz",
      "integrity": "sha1-ftLCzMyvhNP/y3pptXcR/CCDQBs="
    },
    "node-gzip": {
      "version": "1.1.2",
      "resolved": "http://registry.npm.baidu-int.com/node-gzip/-/node-gzip-1.1.2.tgz",
      "integrity": "sha1-JFvRcbMc58f1D8TNDKcZVTQ1mvs="
    },
    "npm-run-path": {
      "version": "4.0.1",
      "resolved": "http://registry.npm.baidu-int.com/npm-run-path/-/npm-run-path-4.0.1.tgz",
      "integrity": "sha1-t+zR5e1T2o43pV4cImnguX7XSOo=",
      "requires": {
        "path-key": "^3.0.0"
      }
    },
    "onetime": {
      "version": "5.1.2",
      "resolved": "http://registry.npm.baidu-int.com/onetime/-/onetime-5.1.2.tgz",
      "integrity": "sha1-0Oluu1awdHbfHdnEgG5SN5hcpF4=",
      "requires": {
        "mimic-fn": "^2.1.0"
      }
    },
    "p-limit": {
      "version": "2.3.0",
      "resolved": "http://registry.npm.baidu-int.com/p-limit/-/p-limit-2.3.0.tgz",
      "integrity": "sha1-PdM8ZHohT9//2DWTPrCG2g3CHbE=",
      "requires": {
        "p-try": "^2.0.0"
      }
    },
    "p-locate": {
      "version": "4.1.0",
      "resolved": "http://registry.npm.baidu-int.com/p-locate/-/p-locate-4.1.0.tgz",
      "integrity": "sha1-o0KLtwiLOmApL2aRkni3wpetTwc=",
      "requires": {
        "p-limit": "^2.2.0"
      }
    },
    "p-try": {
      "version": "2.2.0",
      "resolved": "http://registry.npm.baidu-int.com/p-try/-/p-try-2.2.0.tgz",
      "integrity": "sha1-yyhoVA4xPWHeWPr741zpAE1VQOY="
    },
    "path-exists": {
      "version": "4.0.0",
      "resolved": "http://registry.npm.baidu-int.com/path-exists/-/path-exists-4.0.0.tgz",
      "integrity": "sha1-UTvb4tO5XXdi6METfvoZXGxhtbM="
    },
    "path-key": {
      "version": "3.1.1",
      "resolved": "http://registry.npm.baidu-int.com/path-key/-/path-key-3.1.1.tgz",
      "integrity": "sha1-WB9q3mWMu6ZaDTOA3ndTKVBU83U="
    },
    "path-parse": {
      "version": "1.0.7",
      "resolved": "http://registry.npm.baidu-int.com/path-parse/-/path-parse-1.0.7.tgz",
      "integrity": "sha1-+8EUtgykKzDZ2vWFjkvWi77bZzU="
    },
    "pkg-dir": {
      "version": "4.2.0",
      "resolved": "http://registry.npm.baidu-int.com/pkg-dir/-/pkg-dir-4.2.0.tgz",
      "integrity": "sha1-8JkTPfft5CLoHR2ESCcO6z5CYfM=",
      "requires": {
        "find-up": "^4.0.0"
      }
    },
    "rechoir": {
      "version": "0.7.1",
      "resolved": "http://registry.npm.baidu-int.com/rechoir/-/rechoir-0.7.1.tgz",
      "integrity": "sha1-lHipahyhNbXoj8An8D7pLWxkVoY=",
      "requires": {
        "resolve": "^1.9.0"
      }
    },
    "resolve": {
      "version": "1.20.0",
      "resolved": "http://registry.npm.baidu-int.com/resolve/-/resolve-1.20.0.tgz",
      "integrity": "sha1-YpoBP7P3B1XW8LeTXMHCxTeLGXU=",
      "requires": {
        "is-core-module": "^2.2.0",
        "path-parse": "^1.0.6"
      }
    },
    "resolve-cwd": {
      "version": "3.0.0",
      "resolved": "http://registry.npm.baidu-int.com/resolve-cwd/-/resolve-cwd-3.0.0.tgz",
      "integrity": "sha1-DwB18bslRHZs9zumpuKt/ryxPy0=",
      "requires": {
        "resolve-from": "^5.0.0"
      }
    },
    "resolve-from": {
      "version": "5.0.0",
      "resolved": "http://registry.npm.baidu-int.com/resolve-from/-/resolve-from-5.0.0.tgz",
      "integrity": "sha1-w1IlhD3493bfIcV1V7wIfp39/Gk="
    },
    "shallow-clone": {
      "version": "3.0.1",
      "resolved": "http://registry.npm.baidu-int.com/shallow-clone/-/shallow-clone-3.0.1.tgz",
      "integrity": "sha1-jymBrZJTH1UDWwH7IwdppA4C76M=",
      "requires": {
        "kind-of": "^6.0.2"
      }
    },
    "shebang-command": {
      "version": "2.0.0",
      "resolved": "http://registry.npm.baidu-int.com/shebang-command/-/shebang-command-2.0.0.tgz",
      "integrity": "sha512-kHxr2zZpYtdmrN1qDjrrX/Z1rR1kG8Dx+gkpK1G4eXmvXswmcE1hTWBWYUzlraYw1/yZp6YuDY77YtvbN0dmDA==",
      "requires": {
        "shebang-regex": "^3.0.0"
      }
    },
    "shebang-regex": {
      "version": "3.0.0",
      "resolved": "http://registry.npm.baidu-int.com/shebang-regex/-/shebang-regex-3.0.0.tgz",
      "integrity": "sha1-rhbxZE2HPsrYQ7AwexQzYtTEIXI="
    },
    "signal-exit": {
      "version": "3.0.5",
      "resolved": "http://registry.npm.baidu-int.com/signal-exit/-/signal-exit-3.0.5.tgz",
      "integrity": "sha1-nj6MwMdamUcrRDIQM6dwLnc4JS8="
    },
    "strip-final-newline": {
      "version": "2.0.0",
      "resolved": "http://registry.npm.baidu-int.com/strip-final-newline/-/strip-final-newline-2.0.0.tgz",
      "integrity": "sha512-BrpvfNAE3dcvq7ll3xVumzjKjZQ5tI1sEUIKr3Uoks0XUl45St3FlatVqef9prk4jRDzhW6WZg+3bk93y6pLjA=="
    },
    "webpack-cli": {
      "version": "4.9.1",
      "resolved": "http://registry.npm.baidu-int.com/webpack-cli/-/webpack-cli-4.9.1.tgz",
      "integrity": "sha1-tkvoJeLRsTDyhcMUyqOxuppGMrM=",
      "requires": {
        "@discoveryjs/json-ext": "^0.5.0",
        "@webpack-cli/configtest": "^1.1.0",
        "@webpack-cli/info": "^1.4.0",
        "@webpack-cli/serve": "^1.6.0",
        "colorette": "^2.0.14",
        "commander": "^7.0.0",
        "execa": "^5.0.0",
        "fastest-levenshtein": "^1.0.12",
        "import-local": "^3.0.2",
        "interpret": "^2.2.0",
        "rechoir": "^0.7.0",
        "webpack-merge": "^5.7.3"
      }
    },
    "webpack-merge": {
      "version": "5.8.0",
      "resolved": "http://registry.npm.baidu-int.com/webpack-merge/-/webpack-merge-5.8.0.tgz",
      "integrity": "sha1-Kznb8ir4d3atdEw5AiNzHTCmj2E=",
      "requires": {
        "clone-deep": "^4.0.1",
        "wildcard": "^2.0.0"
      }
    },
    "which": {
      "version": "2.0.2",
      "resolved": "http://registry.npm.baidu-int.com/which/-/which-2.0.2.tgz",
      "integrity": "sha1-fGqN0KY2oDJ+ELWckobu6T8/UbE=",
      "requires": {
        "isexe": "^2.0.0"
      }
    },
    "wildcard": {
      "version": "2.0.0",
      "resolved": "http://registry.npm.baidu-int.com/wildcard/-/wildcard-2.0.0.tgz",
      "integrity": "sha512-JcKqAHLPxcdb9KM49dufGXn2x3ssnfjbcaQdLlfZsL9rH9wgDQjUtDxbo8NE0F6SFvydeu1VhZe7hZuHsB2/pw=="
    }
  }
}
